
Microsoft Visual Studio Solution File, Format Version 12.00
# Visual Studio 2013
VisualStudioVersion = 12.0.30501.0
MinimumVisualStudioVersion = 12.0.30324.00
Project("{2150E333-8FDC-42A3-9474-1A3956D46DE8}") = "BreadBoard", "BreadBoard", "{5F5A5483-95C4-41C0-94BE-F4D4DE713844}"
EndProject
Project("{8BC9CEB8-8B4A-11D0-8D11-00A0C91BC942}") = "StarterKit.Shared", "StarterKit\StarterKit.Shared\StarterKit.Shared.vcxitems", "{97BDCB13-7176-4EF7-AA4C-4C818C8D36E8}"
EndProject
Project("{8BC9CEB8-8B4A-11D0-8D11-00A0C91BC942}") = "StarterKit.Windows", "StarterKit\StarterKit.Windows\StarterKit.Windows.vcxproj", "{695FC9C5-8EAC-4BFC-AD58-9C5EB6D5C814}"
EndProject
Project("{8BC9CEB8-8B4A-11D0-8D11-00A0C91BC942}") = "StarterKit.WindowsPhone", "StarterKit\StarterKit.WindowsPhone\StarterKit.WindowsPhone.vcxproj", "{FDE13B72-5F44-46E8-BD83-35CDFEB5D4A1}"
	ProjectSection(ProjectDependencies) = postProject
		{13FBA904-B1B8-4DE3-AE7B-D6ABAED9E24C} = {13FBA904-B1B8-4DE3-AE7B-D6ABAED9E24C}
		{091A5D48-271E-4C6F-9CF0-AAECA68E744A} = {091A5D48-271E-4C6F-9CF0-AAECA68E744A}
		{6BDC727F-6C6B-4B21-9B4F-19B52D22D009} = {6BDC727F-6C6B-4B21-9B4F-19B52D22D009}
		{23F08799-E02E-420D-B9EE-F2CC48131DDD} = {23F08799-E02E-420D-B9EE-F2CC48131DDD}
	EndProjectSection
EndProject
Project("{8BC9CEB8-8B4A-11D0-8D11-00A0C91BC942}") = "opencv_core", "..\opencv-winrt\binWP8_1\modules\core\opencv_core.vcxproj", "{6BDC727F-6C6B-4B21-9B4F-19B52D22D009}"
EndProject
Project("{8BC9CEB8-8B4A-11D0-8D11-00A0C91BC942}") = "opencv_imgproc", "..\opencv-winrt\binWP8_1\modules\imgproc\opencv_imgproc.vcxproj", "{13FBA904-B1B8-4DE3-AE7B-D6ABAED9E24C}"
EndProject
Project("{8BC9CEB8-8B4A-11D0-8D11-00A0C91BC942}") = "zlib", "..\opencv-winrt\binWP8_1\3rdparty\zlib\zlib.vcxproj", "{A7B441A0-6EFE-43A6-8AF2-82DDC57709B7}"
EndProject
Project("{8BC9CEB8-8B4A-11D0-8D11-00A0C91BC942}") = "opencv_video", "..\opencv-winrt\binWP8_1\modules\video\opencv_video.vcxproj", "{091A5D48-271E-4C6F-9CF0-AAECA68E744A}"
EndProject
Project("{8BC9CEB8-8B4A-11D0-8D11-00A0C91BC942}") = "opencv_calib3d", "..\opencv-winrt\binWP8_1\modules\calib3d\opencv_calib3d.vcxproj", "{23F08799-E02E-420D-B9EE-F2CC48131DDD}"
	ProjectSection(ProjectDependencies) = postProject
		{144830C8-FDB2-44E6-80A9-1816ADB13D04} = {144830C8-FDB2-44E6-80A9-1816ADB13D04}
	EndProjectSection
EndProject
Project("{8BC9CEB8-8B4A-11D0-8D11-00A0C91BC942}") = "opencv_features2d", "..\opencv-winrt\binWP8_1\modules\features2d\opencv_features2d.vcxproj", "{E526AF75-B84A-44AD-9D45-E2A380A7D7CD}"
EndProject
Project("{8BC9CEB8-8B4A-11D0-8D11-00A0C91BC942}") = "opencv_flann", "..\opencv-winrt\binWP8_1\modules\flann\opencv_flann.vcxproj", "{144830C8-FDB2-44E6-80A9-1816ADB13D04}"
EndProject
Project("{2150E333-8FDC-42A3-9474-1A3956D46DE8}") = "OpenCV", "OpenCV", "{58998F61-5F2B-4DBB-A47C-3498D731431F}"
EndProject
Project("{2150E333-8FDC-42A3-9474-1A3956D46DE8}") = "WindowsPhone", "WindowsPhone", "{28286B6D-F1CB-40E2-8DEF-42D6C5087CD5}"
EndProject
Project("{2150E333-8FDC-42A3-9474-1A3956D46DE8}") = "Windows", "Windows", "{63D0F939-0C69-487D-8D92-522E8C14A568}"
EndProject
Project("{8BC9CEB8-8B4A-11D0-8D11-00A0C91BC942}") = "zlib", "..\opencv-winrt\binWinRT\3rdparty\zlib\zlib.vcxproj", "{656A658B-3EE2-4F94-8899-C65543317D01}"
EndProject
Project("{8BC9CEB8-8B4A-11D0-8D11-00A0C91BC942}") = "opencv_calib3d", "..\opencv-winrt\binWinRT\modules\calib3d\opencv_calib3d.vcxproj", "{4B531696-A8BA-4A19-95AD-346FE45B201F}"
EndProject
Project("{8BC9CEB8-8B4A-11D0-8D11-00A0C91BC942}") = "opencv_core", "..\opencv-winrt\binWinRT\modules\core\opencv_core.vcxproj", "{015A92E7-9FB3-428F-99D0-9B2088C54426}"
EndProject
Project("{8BC9CEB8-8B4A-11D0-8D11-00A0C91BC942}") = "opencv_features2d", "..\opencv-winrt\binWinRT\modules\features2d\opencv_features2d.vcxproj", "{BB1ABC95-4975-4814-8097-508B1F99063D}"
EndProject
Project("{8BC9CEB8-8B4A-11D0-8D11-00A0C91BC942}") = "opencv_flann", "..\opencv-winrt\binWinRT\modules\flann\opencv_flann.vcxproj", "{26BBD092-C917-43BD-B339-824B036FF8FE}"
EndProject
Project("{8BC9CEB8-8B4A-11D0-8D11-00A0C91BC942}") = "opencv_imgproc", "..\opencv-winrt\binWinRT\modules\imgproc\opencv_imgproc.vcxproj", "{1320606C-4689-48F6-B6DD-12EC932C9CEF}"
EndProject
Project("{8BC9CEB8-8B4A-11D0-8D11-00A0C91BC942}") = "opencv_video", "..\opencv-winrt\binWinRT\modules\video\opencv_video.vcxproj", "{0025707C-A217-4C6D-BCCE-8283D63E0ECE}"
EndProject
Global
	GlobalSection(SharedMSBuildProjectFiles) = preSolution
		StarterKit\StarterKit.Shared\StarterKit.Shared.vcxitems*{fde13b72-5f44-46e8-bd83-35cdfeb5d4a1}*SharedItemsImports = 4
		StarterKit\StarterKit.Shared\StarterKit.Shared.vcxitems*{97bdcb13-7176-4ef7-aa4c-4c818c8d36e8}*SharedItemsImports = 9
		StarterKit\StarterKit.Shared\StarterKit.Shared.vcxitems*{695fc9c5-8eac-4bfc-ad58-9c5eb6d5c814}*SharedItemsImports = 4
	EndGlobalSection
	GlobalSection(SolutionConfigurationPlatforms) = preSolution
		Debug|ARM = Debug|ARM
		Debug|Win32 = Debug|Win32
		Debug|x64 = Debug|x64
		Release|ARM = Release|ARM
		Release|Win32 = Release|Win32
		Release|x64 = Release|x64
	EndGlobalSection
	GlobalSection(ProjectConfigurationPlatforms) = postSolution
		{695FC9C5-8EAC-4BFC-AD58-9C5EB6D5C814}.Debug|ARM.ActiveCfg = Debug|ARM
		{695FC9C5-8EAC-4BFC-AD58-9C5EB6D5C814}.Debug|ARM.Build.0 = Debug|ARM
		{695FC9C5-8EAC-4BFC-AD58-9C5EB6D5C814}.Debug|ARM.Deploy.0 = Debug|ARM
		{695FC9C5-8EAC-4BFC-AD58-9C5EB6D5C814}.Debug|Win32.ActiveCfg = Debug|Win32
		{695FC9C5-8EAC-4BFC-AD58-9C5EB6D5C814}.Debug|Win32.Build.0 = Debug|Win32
		{695FC9C5-8EAC-4BFC-AD58-9C5EB6D5C814}.Debug|Win32.Deploy.0 = Debug|Win32
		{695FC9C5-8EAC-4BFC-AD58-9C5EB6D5C814}.Debug|x64.ActiveCfg = Debug|x64
		{695FC9C5-8EAC-4BFC-AD58-9C5EB6D5C814}.Debug|x64.Build.0 = Debug|x64
		{695FC9C5-8EAC-4BFC-AD58-9C5EB6D5C814}.Debug|x64.Deploy.0 = Debug|x64
		{695FC9C5-8EAC-4BFC-AD58-9C5EB6D5C814}.Release|ARM.ActiveCfg = Release|ARM
		{695FC9C5-8EAC-4BFC-AD58-9C5EB6D5C814}.Release|ARM.Build.0 = Release|ARM
		{695FC9C5-8EAC-4BFC-AD58-9C5EB6D5C814}.Release|ARM.Deploy.0 = Release|ARM
		{695FC9C5-8EAC-4BFC-AD58-9C5EB6D5C814}.Release|Win32.ActiveCfg = Release|Win32
		{695FC9C5-8EAC-4BFC-AD58-9C5EB6D5C814}.Release|Win32.Build.0 = Release|Win32
		{695FC9C5-8EAC-4BFC-AD58-9C5EB6D5C814}.Release|Win32.Deploy.0 = Release|Win32
		{695FC9C5-8EAC-4BFC-AD58-9C5EB6D5C814}.Release|x64.ActiveCfg = Release|x64
		{695FC9C5-8EAC-4BFC-AD58-9C5EB6D5C814}.Release|x64.Build.0 = Release|x64
		{695FC9C5-8EAC-4BFC-AD58-9C5EB6D5C814}.Release|x64.Deploy.0 = Release|x64
		{FDE13B72-5F44-46E8-BD83-35CDFEB5D4A1}.Debug|ARM.ActiveCfg = Debug|ARM
		{FDE13B72-5F44-46E8-BD83-35CDFEB5D4A1}.Debug|ARM.Build.0 = Debug|ARM
		{FDE13B72-5F44-46E8-BD83-35CDFEB5D4A1}.Debug|ARM.Deploy.0 = Debug|ARM
		{FDE13B72-5F44-46E8-BD83-35CDFEB5D4A1}.Debug|Win32.ActiveCfg = Debug|Win32
		{FDE13B72-5F44-46E8-BD83-35CDFEB5D4A1}.Debug|Win32.Build.0 = Debug|Win32
		{FDE13B72-5F44-46E8-BD83-35CDFEB5D4A1}.Debug|Win32.Deploy.0 = Debug|Win32
		{FDE13B72-5F44-46E8-BD83-35CDFEB5D4A1}.Debug|x64.ActiveCfg = Debug|Win32
		{FDE13B72-5F44-46E8-BD83-35CDFEB5D4A1}.Release|ARM.ActiveCfg = Release|ARM
		{FDE13B72-5F44-46E8-BD83-35CDFEB5D4A1}.Release|ARM.Build.0 = Release|ARM
		{FDE13B72-5F44-46E8-BD83-35CDFEB5D4A1}.Release|ARM.Deploy.0 = Release|ARM
		{FDE13B72-5F44-46E8-BD83-35CDFEB5D4A1}.Release|Win32.ActiveCfg = Release|Win32
		{FDE13B72-5F44-46E8-BD83-35CDFEB5D4A1}.Release|Win32.Build.0 = Release|Win32
		{FDE13B72-5F44-46E8-BD83-35CDFEB5D4A1}.Release|Win32.Deploy.0 = Release|Win32
		{FDE13B72-5F44-46E8-BD83-35CDFEB5D4A1}.Release|x64.ActiveCfg = Release|Win32
		{6BDC727F-6C6B-4B21-9B4F-19B52D22D009}.Debug|ARM.ActiveCfg = Debug|ARM
		{6BDC727F-6C6B-4B21-9B4F-19B52D22D009}.Debug|ARM.Build.0 = Debug|ARM
		{6BDC727F-6C6B-4B21-9B4F-19B52D22D009}.Debug|Win32.ActiveCfg = Debug|Win32
		{6BDC727F-6C6B-4B21-9B4F-19B52D22D009}.Debug|Win32.Build.0 = Debug|Win32
		{6BDC727F-6C6B-4B21-9B4F-19B52D22D009}.Debug|x64.ActiveCfg = Debug|Win32
		{6BDC727F-6C6B-4B21-9B4F-19B52D22D009}.Release|ARM.ActiveCfg = Release|ARM
		{6BDC727F-6C6B-4B21-9B4F-19B52D22D009}.Release|ARM.Build.0 = Release|ARM
		{6BDC727F-6C6B-4B21-9B4F-19B52D22D009}.Release|Win32.ActiveCfg = Release|Win32
		{6BDC727F-6C6B-4B21-9B4F-19B52D22D009}.Release|Win32.Build.0 = Release|Win32
		{6BDC727F-6C6B-4B21-9B4F-19B52D22D009}.Release|x64.ActiveCfg = Release|Win32
		{13FBA904-B1B8-4DE3-AE7B-D6ABAED9E24C}.Debug|ARM.ActiveCfg = Debug|ARM
		{13FBA904-B1B8-4DE3-AE7B-D6ABAED9E24C}.Debug|ARM.Build.0 = Debug|ARM
		{13FBA904-B1B8-4DE3-AE7B-D6ABAED9E24C}.Debug|Win32.ActiveCfg = Debug|Win32
		{13FBA904-B1B8-4DE3-AE7B-D6ABAED9E24C}.Debug|Win32.Build.0 = Debug|Win32
		{13FBA904-B1B8-4DE3-AE7B-D6ABAED9E24C}.Debug|x64.ActiveCfg = Debug|Win32
		{13FBA904-B1B8-4DE3-AE7B-D6ABAED9E24C}.Release|ARM.ActiveCfg = Release|ARM
		{13FBA904-B1B8-4DE3-AE7B-D6ABAED9E24C}.Release|ARM.Build.0 = Release|ARM
		{13FBA904-B1B8-4DE3-AE7B-D6ABAED9E24C}.Release|Win32.ActiveCfg = Release|Win32
		{13FBA904-B1B8-4DE3-AE7B-D6ABAED9E24C}.Release|Win32.Build.0 = Release|Win32
		{13FBA904-B1B8-4DE3-AE7B-D6ABAED9E24C}.Release|x64.ActiveCfg = Release|Win32
		{A7B441A0-6EFE-43A6-8AF2-82DDC57709B7}.Debug|ARM.ActiveCfg = Debug|ARM
		{A7B441A0-6EFE-43A6-8AF2-82DDC57709B7}.Debug|ARM.Build.0 = Debug|ARM
		{A7B441A0-6EFE-43A6-8AF2-82DDC57709B7}.Debug|Win32.ActiveCfg = Debug|Win32
		{A7B441A0-6EFE-43A6-8AF2-82DDC57709B7}.Debug|Win32.Build.0 = Debug|Win32
		{A7B441A0-6EFE-43A6-8AF2-82DDC57709B7}.Debug|x64.ActiveCfg = Debug|Win32
		{A7B441A0-6EFE-43A6-8AF2-82DDC57709B7}.Release|ARM.ActiveCfg = Release|ARM
		{A7B441A0-6EFE-43A6-8AF2-82DDC57709B7}.Release|ARM.Build.0 = Release|ARM
		{A7B441A0-6EFE-43A6-8AF2-82DDC57709B7}.Release|Win32.ActiveCfg = Release|Win32
		{A7B441A0-6EFE-43A6-8AF2-82DDC57709B7}.Release|Win32.Build.0 = Release|Win32
		{A7B441A0-6EFE-43A6-8AF2-82DDC57709B7}.Release|x64.ActiveCfg = Release|Win32
		{091A5D48-271E-4C6F-9CF0-AAECA68E744A}.Debug|ARM.ActiveCfg = Debug|ARM
		{091A5D48-271E-4C6F-9CF0-AAECA68E744A}.Debug|ARM.Build.0 = Debug|ARM
		{091A5D48-271E-4C6F-9CF0-AAECA68E744A}.Debug|Win32.ActiveCfg = Debug|Win32
		{091A5D48-271E-4C6F-9CF0-AAECA68E744A}.Debug|Win32.Build.0 = Debug|Win32
		{091A5D48-271E-4C6F-9CF0-AAECA68E744A}.Debug|x64.ActiveCfg = Debug|Win32
		{091A5D48-271E-4C6F-9CF0-AAECA68E744A}.Release|ARM.ActiveCfg = Release|ARM
		{091A5D48-271E-4C6F-9CF0-AAECA68E744A}.Release|ARM.Build.0 = Release|ARM
		{091A5D48-271E-4C6F-9CF0-AAECA68E744A}.Release|Win32.ActiveCfg = Release|Win32
		{091A5D48-271E-4C6F-9CF0-AAECA68E744A}.Release|Win32.Build.0 = Release|Win32
		{091A5D48-271E-4C6F-9CF0-AAECA68E744A}.Release|x64.ActiveCfg = Release|Win32
		{23F08799-E02E-420D-B9EE-F2CC48131DDD}.Debug|ARM.ActiveCfg = Debug|ARM
		{23F08799-E02E-420D-B9EE-F2CC48131DDD}.Debug|ARM.Build.0 = Debug|ARM
		{23F08799-E02E-420D-B9EE-F2CC48131DDD}.Debug|Win32.ActiveCfg = Debug|Win32
		{23F08799-E02E-420D-B9EE-F2CC48131DDD}.Debug|Win32.Build.0 = Debug|Win32
		{23F08799-E02E-420D-B9EE-F2CC48131DDD}.Debug|x64.ActiveCfg = Debug|Win32
		{23F08799-E02E-420D-B9EE-F2CC48131DDD}.Release|ARM.ActiveCfg = Release|ARM
		{23F08799-E02E-420D-B9EE-F2CC48131DDD}.Release|ARM.Build.0 = Release|ARM
		{23F08799-E02E-420D-B9EE-F2CC48131DDD}.Release|Win32.ActiveCfg = Release|Win32
		{23F08799-E02E-420D-B9EE-F2CC48131DDD}.Release|Win32.Build.0 = Release|Win32
		{23F08799-E02E-420D-B9EE-F2CC48131DDD}.Release|x64.ActiveCfg = Release|Win32
		{E526AF75-B84A-44AD-9D45-E2A380A7D7CD}.Debug|ARM.ActiveCfg = Debug|ARM
		{E526AF75-B84A-44AD-9D45-E2A380A7D7CD}.Debug|ARM.Build.0 = Debug|ARM
		{E526AF75-B84A-44AD-9D45-E2A380A7D7CD}.Debug|Win32.ActiveCfg = Debug|Win32
		{E526AF75-B84A-44AD-9D45-E2A380A7D7CD}.Debug|Win32.Build.0 = Debug|Win32
		{E526AF75-B84A-44AD-9D45-E2A380A7D7CD}.Debug|x64.ActiveCfg = Debug|Win32
		{E526AF75-B84A-44AD-9D45-E2A380A7D7CD}.Release|ARM.ActiveCfg = Release|ARM
		{E526AF75-B84A-44AD-9D45-E2A380A7D7CD}.Release|ARM.Build.0 = Release|ARM
		{E526AF75-B84A-44AD-9D45-E2A380A7D7CD}.Release|Win32.ActiveCfg = Release|Win32
		{E526AF75-B84A-44AD-9D45-E2A380A7D7CD}.Release|Win32.Build.0 = Release|Win32
		{E526AF75-B84A-44AD-9D45-E2A380A7D7CD}.Release|x64.ActiveCfg = Release|Win32
		{144830C8-FDB2-44E6-80A9-1816ADB13D04}.Debug|ARM.ActiveCfg = Debug|ARM
		{144830C8-FDB2-44E6-80A9-1816ADB13D04}.Debug|ARM.Build.0 = Debug|ARM
		{144830C8-FDB2-44E6-80A9-1816ADB13D04}.Debug|Win32.ActiveCfg = Debug|Win32
		{144830C8-FDB2-44E6-80A9-1816ADB13D04}.Debug|Win32.Build.0 = Debug|Win32
		{144830C8-FDB2-44E6-80A9-1816ADB13D04}.Debug|x64.ActiveCfg = Debug|Win32
		{144830C8-FDB2-44E6-80A9-1816ADB13D04}.Release|ARM.ActiveCfg = Release|ARM
		{144830C8-FDB2-44E6-80A9-1816ADB13D04}.Release|ARM.Build.0 = Release|ARM
		{144830C8-FDB2-44E6-80A9-1816ADB13D04}.Release|Win32.ActiveCfg = Release|Win32
		{144830C8-FDB2-44E6-80A9-1816ADB13D04}.Release|Win32.Build.0 = Release|Win32
		{144830C8-FDB2-44E6-80A9-1816ADB13D04}.Release|x64.ActiveCfg = Release|Win32
		{656A658B-3EE2-4F94-8899-C65543317D01}.Debug|ARM.ActiveCfg = Debug|ARM
		{656A658B-3EE2-4F94-8899-C65543317D01}.Debug|ARM.Build.0 = Debug|ARM
		{656A658B-3EE2-4F94-8899-C65543317D01}.Debug|Win32.ActiveCfg = Debug|Win32
		{656A658B-3EE2-4F94-8899-C65543317D01}.Debug|Win32.Build.0 = Debug|Win32
		{656A658B-3EE2-4F94-8899-C65543317D01}.Debug|x64.ActiveCfg = Debug|x64
		{656A658B-3EE2-4F94-8899-C65543317D01}.Debug|x64.Build.0 = Debug|x64
		{656A658B-3EE2-4F94-8899-C65543317D01}.Release|ARM.ActiveCfg = Release|ARM
		{656A658B-3EE2-4F94-8899-C65543317D01}.Release|ARM.Build.0 = Release|ARM
		{656A658B-3EE2-4F94-8899-C65543317D01}.Release|Win32.ActiveCfg = Release|Win32
		{656A658B-3EE2-4F94-8899-C65543317D01}.Release|Win32.Build.0 = Release|Win32
		{656A658B-3EE2-4F94-8899-C65543317D01}.Release|x64.ActiveCfg = Release|x64
		{656A658B-3EE2-4F94-8899-C65543317D01}.Release|x64.Build.0 = Release|x64
		{4B531696-A8BA-4A19-95AD-346FE45B201F}.Debug|ARM.ActiveCfg = Debug|ARM
		{4B531696-A8BA-4A19-95AD-346FE45B201F}.Debug|ARM.Build.0 = Debug|ARM
		{4B531696-A8BA-4A19-95AD-346FE45B201F}.Debug|Win32.ActiveCfg = Debug|Win32
		{4B531696-A8BA-4A19-95AD-346FE45B201F}.Debug|Win32.Build.0 = Debug|Win32
		{4B531696-A8BA-4A19-95AD-346FE45B201F}.Debug|x64.ActiveCfg = Debug|x64
		{4B531696-A8BA-4A19-95AD-346FE45B201F}.Debug|x64.Build.0 = Debug|x64
		{4B531696-A8BA-4A19-95AD-346FE45B201F}.Release|ARM.ActiveCfg = Release|ARM
		{4B531696-A8BA-4A19-95AD-346FE45B201F}.Release|ARM.Build.0 = Release|ARM
		{4B531696-A8BA-4A19-95AD-346FE45B201F}.Release|Win32.ActiveCfg = Release|Win32
		{4B531696-A8BA-4A19-95AD-346FE45B201F}.Release|Win32.Build.0 = Release|Win32
		{4B531696-A8BA-4A19-95AD-346FE45B201F}.Release|x64.ActiveCfg = Release|x64
		{4B531696-A8BA-4A19-95AD-346FE45B201F}.Release|x64.Build.0 = Release|x64
		{015A92E7-9FB3-428F-99D0-9B2088C54426}.Debug|ARM.ActiveCfg = Debug|ARM
		{015A92E7-9FB3-428F-99D0-9B2088C54426}.Debug|ARM.Build.0 = Debug|ARM
		{015A92E7-9FB3-428F-99D0-9B2088C54426}.Debug|Win32.ActiveCfg = Debug|Win32
		{015A92E7-9FB3-428F-99D0-9B2088C54426}.Debug|Win32.Build.0 = Debug|Win32
		{015A92E7-9FB3-428F-99D0-9B2088C54426}.Debug|x64.ActiveCfg = Debug|x64
		{015A92E7-9FB3-428F-99D0-9B2088C54426}.Debug|x64.Build.0 = Debug|x64
		{015A92E7-9FB3-428F-99D0-9B2088C54426}.Release|ARM.ActiveCfg = Release|ARM
		{015A92E7-9FB3-428F-99D0-9B2088C54426}.Release|ARM.Build.0 = Release|ARM
		{015A92E7-9FB3-428F-99D0-9B2088C54426}.Release|Win32.ActiveCfg = Release|Win32
		{015A92E7-9FB3-428F-99D0-9B2088C54426}.Release|Win32.Build.0 = Release|Win32
		{015A92E7-9FB3-428F-99D0-9B2088C54426}.Release|x64.ActiveCfg = Release|x64
		{015A92E7-9FB3-428F-99D0-9B2088C54426}.Release|x64.Build.0 = Release|x64
		{BB1ABC95-4975-4814-8097-508B1F99063D}.Debug|ARM.ActiveCfg = Debug|ARM
		{BB1ABC95-4975-4814-8097-508B1F99063D}.Debug|ARM.Build.0 = Debug|ARM
		{BB1ABC95-4975-4814-8097-508B1F99063D}.Debug|Win32.ActiveCfg = Debug|Win32
		{BB1ABC95-4975-4814-8097-508B1F99063D}.Debug|Win32.Build.0 = Debug|Win32
		{BB1ABC95-4975-4814-8097-508B1F99063D}.Debug|x64.ActiveCfg = Debug|x64
		{BB1ABC95-4975-4814-8097-508B1F99063D}.Debug|x64.Build.0 = Debug|x64
		{BB1ABC95-4975-4814-8097-508B1F99063D}.Release|ARM.ActiveCfg = Release|ARM
		{BB1ABC95-4975-4814-8097-508B1F99063D}.Release|ARM.Build.0 = Release|ARM
		{BB1ABC95-4975-4814-8097-508B1F99063D}.Release|Win32.ActiveCfg = Release|Win32
		{BB1ABC95-4975-4814-8097-508B1F99063D}.Release|Win32.Build.0 = Release|Win32
		{BB1ABC95-4975-4814-8097-508B1F99063D}.Release|x64.ActiveCfg = Release|x64
		{BB1ABC95-4975-4814-8097-508B1F99063D}.Release|x64.Build.0 = Release|x64
		{26BBD092-C917-43BD-B339-824B036FF8FE}.Debug|ARM.ActiveCfg = Debug|ARM
		{26BBD092-C917-43BD-B339-824B036FF8FE}.Debug|ARM.Build.0 = Debug|ARM
		{26BBD092-C917-43BD-B339-824B036FF8FE}.Debug|Win32.ActiveCfg = Debug|Win32
		{26BBD092-C917-43BD-B339-824B036FF8FE}.Debug|Win32.Build.0 = Debug|Win32
		{26BBD092-C917-43BD-B339-824B036FF8FE}.Debug|x64.ActiveCfg = Debug|x64
		{26BBD092-C917-43BD-B339-824B036FF8FE}.Debug|x64.Build.0 = Debug|x64
		{26BBD092-C917-43BD-B339-824B036FF8FE}.Release|ARM.ActiveCfg = Release|ARM
		{26BBD092-C917-43BD-B339-824B036FF8FE}.Release|ARM.Build.0 = Release|ARM
		{26BBD092-C917-43BD-B339-824B036FF8FE}.Release|Win32.ActiveCfg = Release|Win32
		{26BBD092-C917-43BD-B339-824B036FF8FE}.Release|Win32.Build.0 = Release|Win32
		{26BBD092-C917-43BD-B339-824B036FF8FE}.Release|x64.ActiveCfg = Release|x64
		{26BBD092-C917-43BD-B339-824B036FF8FE}.Release|x64.Build.0 = Release|x64
		{1320606C-4689-48F6-B6DD-12EC932C9CEF}.Debug|ARM.ActiveCfg = Debug|ARM
		{1320606C-4689-48F6-B6DD-12EC932C9CEF}.Debug|ARM.Build.0 = Debug|ARM
		{1320606C-4689-48F6-B6DD-12EC932C9CEF}.Debug|Win32.ActiveCfg = Debug|Win32
		{1320606C-4689-48F6-B6DD-12EC932C9CEF}.Debug|Win32.Build.0 = Debug|Win32
		{1320606C-4689-48F6-B6DD-12EC932C9CEF}.Debug|x64.ActiveCfg = Debug|x64
		{1320606C-4689-48F6-B6DD-12EC932C9CEF}.Debug|x64.Build.0 = Debug|x64
		{1320606C-4689-48F6-B6DD-12EC932C9CEF}.Release|ARM.ActiveCfg = Release|ARM
		{1320606C-4689-48F6-B6DD-12EC932C9CEF}.Release|ARM.Build.0 = Release|ARM
		{1320606C-4689-48F6-B6DD-12EC932C9CEF}.Release|Win32.ActiveCfg = Release|Win32
		{1320606C-4689-48F6-B6DD-12EC932C9CEF}.Release|Win32.Build.0 = Release|Win32
		{1320606C-4689-48F6-B6DD-12EC932C9CEF}.Release|x64.ActiveCfg = Release|x64
		{1320606C-4689-48F6-B6DD-12EC932C9CEF}.Release|x64.Build.0 = Release|x64
		{0025707C-A217-4C6D-BCCE-8283D63E0ECE}.Debug|ARM.ActiveCfg = Debug|ARM
		{0025707C-A217-4C6D-BCCE-8283D63E0ECE}.Debug|ARM.Build.0 = Debug|ARM
		{0025707C-A217-4C6D-BCCE-8283D63E0ECE}.Debug|Win32.ActiveCfg = Debug|Win32
		{0025707C-A217-4C6D-BCCE-8283D63E0ECE}.Debug|Win32.Build.0 = Debug|Win32
		{0025707C-A217-4C6D-BCCE-8283D63E0ECE}.Debug|x64.ActiveCfg = Debug|x64
		{0025707C-A217-4C6D-BCCE-8283D63E0ECE}.Debug|x64.Build.0 = Debug|x64
		{0025707C-A217-4C6D-BCCE-8283D63E0ECE}.Release|ARM.ActiveCfg = Release|ARM
		{0025707C-A217-4C6D-BCCE-8283D63E0ECE}.Release|ARM.Build.0 = Release|ARM
		{0025707C-A217-4C6D-BCCE-8283D63E0ECE}.Release|Win32.ActiveCfg = Release|Win32
		{0025707C-A217-4C6D-BCCE-8283D63E0ECE}.Release|Win32.Build.0 = Release|Win32
		{0025707C-A217-4C6D-BCCE-8283D63E0ECE}.Release|x64.ActiveCfg = Release|x64
		{0025707C-A217-4C6D-BCCE-8283D63E0ECE}.Release|x64.Build.0 = Release|x64
	EndGlobalSection
	GlobalSection(SolutionProperties) = preSolution
		HideSolutionNode = FALSE
	EndGlobalSection
	GlobalSection(NestedProjects) = preSolution
		{97BDCB13-7176-4EF7-AA4C-4C818C8D36E8} = {5F5A5483-95C4-41C0-94BE-F4D4DE713844}
		{695FC9C5-8EAC-4BFC-AD58-9C5EB6D5C814} = {5F5A5483-95C4-41C0-94BE-F4D4DE713844}
		{FDE13B72-5F44-46E8-BD83-35CDFEB5D4A1} = {5F5A5483-95C4-41C0-94BE-F4D4DE713844}
		{6BDC727F-6C6B-4B21-9B4F-19B52D22D009} = {28286B6D-F1CB-40E2-8DEF-42D6C5087CD5}
		{13FBA904-B1B8-4DE3-AE7B-D6ABAED9E24C} = {28286B6D-F1CB-40E2-8DEF-42D6C5087CD5}
		{A7B441A0-6EFE-43A6-8AF2-82DDC57709B7} = {28286B6D-F1CB-40E2-8DEF-42D6C5087CD5}
		{091A5D48-271E-4C6F-9CF0-AAECA68E744A} = {28286B6D-F1CB-40E2-8DEF-42D6C5087CD5}
		{23F08799-E02E-420D-B9EE-F2CC48131DDD} = {28286B6D-F1CB-40E2-8DEF-42D6C5087CD5}
		{E526AF75-B84A-44AD-9D45-E2A380A7D7CD} = {28286B6D-F1CB-40E2-8DEF-42D6C5087CD5}
		{144830C8-FDB2-44E6-80A9-1816ADB13D04} = {28286B6D-F1CB-40E2-8DEF-42D6C5087CD5}
		{28286B6D-F1CB-40E2-8DEF-42D6C5087CD5} = {58998F61-5F2B-4DBB-A47C-3498D731431F}
		{63D0F939-0C69-487D-8D92-522E8C14A568} = {58998F61-5F2B-4DBB-A47C-3498D731431F}
		{656A658B-3EE2-4F94-8899-C65543317D01} = {63D0F939-0C69-487D-8D92-522E8C14A568}
		{4B531696-A8BA-4A19-95AD-346FE45B201F} = {63D0F939-0C69-487D-8D92-522E8C14A568}
		{015A92E7-9FB3-428F-99D0-9B2088C54426} = {63D0F939-0C69-487D-8D92-522E8C14A568}
		{BB1ABC95-4975-4814-8097-508B1F99063D} = {63D0F939-0C69-487D-8D92-522E8C14A568}
		{26BBD092-C917-43BD-B339-824B036FF8FE} = {63D0F939-0C69-487D-8D92-522E8C14A568}
		{1320606C-4689-48F6-B6DD-12EC932C9CEF} = {63D0F939-0C69-487D-8D92-522E8C14A568}
		{0025707C-A217-4C6D-BCCE-8283D63E0ECE} = {63D0F939-0C69-487D-8D92-522E8C14A568}
	EndGlobalSection
EndGlobal
