<?xml version="1.0" encoding="utf-8"?>
<Project ToolsVersion="4.0" xmlns="http://schemas.microsoft.com/developer/msbuild/2003">
  <ItemGroup>
    <FxCompile Include="$(MSBuildThisFileDirectory)Animation\SkinningVertexShader.hlsl" />
    <FxCompile Include="$(MSBuildThisFileDirectory)Assets\GlowEffect.hlsl" />
  </ItemGroup>
  <ItemGroup>
    <ClCompile Include="$(MSBuildThisFileDirectory)DirectXTex\DDSTextureLoader.cpp" />
    <ClCompile Include="$(MSBuildThisFileDirectory)Game.cpp" />
    <ClCompile Include="$(MSBuildThisFileDirectory)StarterKitMain.cpp" />
    <ClCompile Include="$(MSBuildThisFileDirectory)pch.cpp" />
    <ClCompile Include="$(MSBuildThisFileDirectory)Common\DeviceResources.cpp" />
    <ClCompile Include="$(MSBuildThisFileDirectory)Content\SampleFpsTextRenderer.cpp" />
  </ItemGroup>
  <ItemGroup>
    <ClInclude Include="$(MSBuildThisFileDirectory)Animation\Animation.h" />
    <ClInclude Include="$(MSBuildThisFileDirectory)DirectXTex\DDSTextureLoader.h" />
    <ClInclude Include="$(MSBuildThisFileDirectory)Game.h" />
    <ClInclude Include="$(MSBuildThisFileDirectory)HitTestingHelpers.h" />
    <ClInclude Include="$(MSBuildThisFileDirectory)ppltasks_extra.h" />
    <ClInclude Include="$(MSBuildThisFileDirectory)StarterKitMain.h" />
    <ClInclude Include="$(MSBuildThisFileDirectory)pch.h" />
    <ClInclude Include="$(MSBuildThisFileDirectory)Common\DeviceResources.h" />
    <ClInclude Include="$(MSBuildThisFileDirectory)Common\DirectXHelper.h" />
    <ClInclude Include="$(MSBuildThisFileDirectory)Common\StepTimer.h" />
    <ClInclude Include="$(MSBuildThisFileDirectory)Content\SampleFpsTextRenderer.h" />
    <ClInclude Include="$(MSBuildThisFileDirectory)VSD3DStarter.h" />
  </ItemGroup>
  <ItemGroup>
    <Image Include="$(MSBuildThisFileDirectory)Assets\BreadboardUVImage.png" />
    <Image Include="$(MSBuildThisFileDirectory)Assets\CubeUVImage.png" />
  </ItemGroup>
  <ItemGroup>
    <None Include="$(MSBuildThisFileDirectory)Assets\BreadBoard.fbx" />
    <None Include="$(MSBuildThisFileDirectory)Assets\gamelevel.fbx" />
    <None Include="$(MSBuildThisFileDirectory)Assets\GlowEffect.dgsl" />
    <None Include="$(MSBuildThisFileDirectory)Assets\teapot.fbx" />
  </ItemGroup>
</Project>